
Microsoft Visual Studio Solution File, Format Version 12.00
# Visual Studio Version 17
VisualStudioVersion = 17.6.33717.318
MinimumVisualStudioVersion = 10.0.40219.1
Project("{9A19103F-16F7-4668-BE54-9A1E7A4F7556}") = "FleetManager.EntityFrameworkDAL", "FleetManager.EntityFrameworkDAL\FleetManager.EntityFrameworkDAL.csproj", "{A4686E2C-3A7B-445B-9E05-9FAC37349FB3}"
EndProject
Project("{9A19103F-16F7-4668-BE54-9A1E7A4F7556}") = "FleetManager.TestAPI", "FleetManager.TestAPI\FleetManager.TestAPI.csproj", "{767B3077-4E13-42B0-9FA8-D6A5BC0AB953}"
EndProject
Project("{9A19103F-16F7-4668-BE54-9A1E7A4F7556}") = "FleetManager.BLL", "Business\FleetManager.BLL.csproj", "{4B3972E6-DF60-43B5-8989-67C6ED4D0E7C}"
EndProject
Project("{9A19103F-16F7-4668-BE54-9A1E7A4F7556}") = "FleetManager.Tests", "FleetManager.Tests\FleetManager.Tests.csproj", "{512574B3-3ED8-47A2-98B9-66B487F99260}"
EndProject
Project("{2150E333-8FDC-42A3-9474-1A3956D46DE8}") = "00 DAL", "00 DAL", "{9A9532AE-CAF7-4E86-87DC-E26E97774CF8}"
EndProject
Project("{2150E333-8FDC-42A3-9474-1A3956D46DE8}") = "01 BLL", "01 BLL", "{0ED71A27-E6F0-46CE-A6A4-9178E75DC4F1}"
EndProject
Project("{2150E333-8FDC-42A3-9474-1A3956D46DE8}") = "02 API", "02 API", "{524DB08E-72F5-481E-A1BB-65041803E4F1}"
EndProject
Project("{2150E333-8FDC-42A3-9474-1A3956D46DE8}") = "03 Tests", "03 Tests", "{FC920000-D46A-4F50-BE6E-22A51B6965A2}"
	ProjectSection(SolutionItems) = preProject
		FleetManager.MAUIFront\MVVM\Models\InquiryModel.cs = FleetManager.MAUIFront\MVVM\Models\InquiryModel.cs
	EndProjectSection
EndProject
Project("{2150E333-8FDC-42A3-9474-1A3956D46DE8}") = "04 Shared", "04 Shared", "{94296336-31B3-47EE-9043-7D13DD7E38AB}"
EndProject
Project("{9A19103F-16F7-4668-BE54-9A1E7A4F7556}") = "FleetManager.Shared", "Shared\FleetManager.Shared.csproj", "{870E5FEC-73DA-4FB9-B853-DAFD0C6E93EE}"
EndProject
Project("{9A19103F-16F7-4668-BE54-9A1E7A4F7556}") = "FleetManager.ReadAPI", "FleetManager.ReadAPI\FleetManager.ReadAPI.csproj", "{CED759ED-F9E6-4584-AFA7-F2D6A8215FEE}"
EndProject
Project("{9A19103F-16F7-4668-BE54-9A1E7A4F7556}") = "FleetManager.WriteAPI", "FleetManager.WriteAPI\FleetManager.WriteAPI.csproj", "{133A9783-C6D0-4297-B86F-6891CD36EAF0}"
EndProject
Project("{9A19103F-16F7-4668-BE54-9A1E7A4F7556}") = "FleetManager.DapperDAL", "FleetManager.DapperDAL\FleetManager.DapperDAL.csproj", "{A41716A1-C893-4F65-A397-19BF3384CD06}"
EndProject
Project("{2150E333-8FDC-42A3-9474-1A3956D46DE8}") = "05 Identity Server", "05 Identity Server", "{C2F648D6-0E6D-4DAE-9ACD-2A845DAAE64A}"
EndProject
Project("{9A19103F-16F7-4668-BE54-9A1E7A4F7556}") = "FleetManager.IdentityServer", "FleetManager.IdentityServer\FleetManager.IdentityServer.csproj", "{15459CCA-5FAF-430E-A3CD-A6E786277A49}"
EndProject
Project("{9A19103F-16F7-4668-BE54-9A1E7A4F7556}") = "FleetManager.MAUIFront", "FleetManager.MAUIFront\FleetManager.MAUIFront.csproj", "{4284F365-A042-49D8-BA06-9BB14DF2AC46}"
EndProject
Project("{2150E333-8FDC-42A3-9474-1A3956D46DE8}") = "06 Front", "06 Front", "{32F5A452-0EE0-4D86-9937-CF2C1A73B73E}"
EndProject
Global
	GlobalSection(SolutionConfigurationPlatforms) = preSolution
		Debug|Any CPU = Debug|Any CPU
		Release|Any CPU = Release|Any CPU
	EndGlobalSection
	GlobalSection(ProjectConfigurationPlatforms) = postSolution
		{A4686E2C-3A7B-445B-9E05-9FAC37349FB3}.Debug|Any CPU.ActiveCfg = Debug|Any CPU
		{A4686E2C-3A7B-445B-9E05-9FAC37349FB3}.Debug|Any CPU.Build.0 = Debug|Any CPU
		{A4686E2C-3A7B-445B-9E05-9FAC37349FB3}.Release|Any CPU.ActiveCfg = Release|Any CPU
		{A4686E2C-3A7B-445B-9E05-9FAC37349FB3}.Release|Any CPU.Build.0 = Release|Any CPU
		{767B3077-4E13-42B0-9FA8-D6A5BC0AB953}.Debug|Any CPU.ActiveCfg = Debug|Any CPU
		{767B3077-4E13-42B0-9FA8-D6A5BC0AB953}.Debug|Any CPU.Build.0 = Debug|Any CPU
		{767B3077-4E13-42B0-9FA8-D6A5BC0AB953}.Release|Any CPU.ActiveCfg = Release|Any CPU
		{767B3077-4E13-42B0-9FA8-D6A5BC0AB953}.Release|Any CPU.Build.0 = Release|Any CPU
		{4B3972E6-DF60-43B5-8989-67C6ED4D0E7C}.Debug|Any CPU.ActiveCfg = Debug|Any CPU
		{4B3972E6-DF60-43B5-8989-67C6ED4D0E7C}.Debug|Any CPU.Build.0 = Debug|Any CPU
		{4B3972E6-DF60-43B5-8989-67C6ED4D0E7C}.Release|Any CPU.ActiveCfg = Release|Any CPU
		{4B3972E6-DF60-43B5-8989-67C6ED4D0E7C}.Release|Any CPU.Build.0 = Release|Any CPU
		{512574B3-3ED8-47A2-98B9-66B487F99260}.Debug|Any CPU.ActiveCfg = Debug|Any CPU
		{512574B3-3ED8-47A2-98B9-66B487F99260}.Debug|Any CPU.Build.0 = Debug|Any CPU
		{512574B3-3ED8-47A2-98B9-66B487F99260}.Release|Any CPU.ActiveCfg = Release|Any CPU
		{512574B3-3ED8-47A2-98B9-66B487F99260}.Release|Any CPU.Build.0 = Release|Any CPU
		{870E5FEC-73DA-4FB9-B853-DAFD0C6E93EE}.Debug|Any CPU.ActiveCfg = Debug|Any CPU
		{870E5FEC-73DA-4FB9-B853-DAFD0C6E93EE}.Debug|Any CPU.Build.0 = Debug|Any CPU
		{870E5FEC-73DA-4FB9-B853-DAFD0C6E93EE}.Release|Any CPU.ActiveCfg = Release|Any CPU
		{870E5FEC-73DA-4FB9-B853-DAFD0C6E93EE}.Release|Any CPU.Build.0 = Release|Any CPU
		{CED759ED-F9E6-4584-AFA7-F2D6A8215FEE}.Debug|Any CPU.ActiveCfg = Debug|Any CPU
		{CED759ED-F9E6-4584-AFA7-F2D6A8215FEE}.Debug|Any CPU.Build.0 = Debug|Any CPU
		{CED759ED-F9E6-4584-AFA7-F2D6A8215FEE}.Release|Any CPU.ActiveCfg = Release|Any CPU
		{CED759ED-F9E6-4584-AFA7-F2D6A8215FEE}.Release|Any CPU.Build.0 = Release|Any CPU
		{133A9783-C6D0-4297-B86F-6891CD36EAF0}.Debug|Any CPU.ActiveCfg = Debug|Any CPU
		{133A9783-C6D0-4297-B86F-6891CD36EAF0}.Debug|Any CPU.Build.0 = Debug|Any CPU
		{133A9783-C6D0-4297-B86F-6891CD36EAF0}.Release|Any CPU.ActiveCfg = Release|Any CPU
		{133A9783-C6D0-4297-B86F-6891CD36EAF0}.Release|Any CPU.Build.0 = Release|Any CPU
		{FF9B5A04-923B-4040-BA1E-2B91BA75C5CF}.Debug|Any CPU.ActiveCfg = Debug|Any CPU
		{FF9B5A04-923B-4040-BA1E-2B91BA75C5CF}.Debug|Any CPU.Build.0 = Debug|Any CPU
		{FF9B5A04-923B-4040-BA1E-2B91BA75C5CF}.Release|Any CPU.ActiveCfg = Release|Any CPU
		{FF9B5A04-923B-4040-BA1E-2B91BA75C5CF}.Release|Any CPU.Build.0 = Release|Any CPU
		{A41716A1-C893-4F65-A397-19BF3384CD06}.Debug|Any CPU.ActiveCfg = Debug|Any CPU
		{A41716A1-C893-4F65-A397-19BF3384CD06}.Debug|Any CPU.Build.0 = Debug|Any CPU
		{A41716A1-C893-4F65-A397-19BF3384CD06}.Release|Any CPU.ActiveCfg = Release|Any CPU
		{A41716A1-C893-4F65-A397-19BF3384CD06}.Release|Any CPU.Build.0 = Release|Any CPU
		{15459CCA-5FAF-430E-A3CD-A6E786277A49}.Debug|Any CPU.ActiveCfg = Debug|Any CPU
		{15459CCA-5FAF-430E-A3CD-A6E786277A49}.Debug|Any CPU.Build.0 = Debug|Any CPU
		{15459CCA-5FAF-430E-A3CD-A6E786277A49}.Release|Any CPU.ActiveCfg = Release|Any CPU
		{15459CCA-5FAF-430E-A3CD-A6E786277A49}.Release|Any CPU.Build.0 = Release|Any CPU
		{4284F365-A042-49D8-BA06-9BB14DF2AC46}.Debug|Any CPU.ActiveCfg = Debug|Any CPU
		{4284F365-A042-49D8-BA06-9BB14DF2AC46}.Debug|Any CPU.Build.0 = Debug|Any CPU
		{4284F365-A042-49D8-BA06-9BB14DF2AC46}.Debug|Any CPU.Deploy.0 = Debug|Any CPU
		{4284F365-A042-49D8-BA06-9BB14DF2AC46}.Release|Any CPU.ActiveCfg = Release|Any CPU
		{4284F365-A042-49D8-BA06-9BB14DF2AC46}.Release|Any CPU.Build.0 = Release|Any CPU
		{4284F365-A042-49D8-BA06-9BB14DF2AC46}.Release|Any CPU.Deploy.0 = Release|Any CPU
	EndGlobalSection
	GlobalSection(SolutionProperties) = preSolution
		HideSolutionNode = FALSE
	EndGlobalSection
	GlobalSection(NestedProjects) = preSolution
		{A4686E2C-3A7B-445B-9E05-9FAC37349FB3} = {9A9532AE-CAF7-4E86-87DC-E26E97774CF8}
		{767B3077-4E13-42B0-9FA8-D6A5BC0AB953} = {524DB08E-72F5-481E-A1BB-65041803E4F1}
		{4B3972E6-DF60-43B5-8989-67C6ED4D0E7C} = {0ED71A27-E6F0-46CE-A6A4-9178E75DC4F1}
		{512574B3-3ED8-47A2-98B9-66B487F99260} = {FC920000-D46A-4F50-BE6E-22A51B6965A2}
		{870E5FEC-73DA-4FB9-B853-DAFD0C6E93EE} = {94296336-31B3-47EE-9043-7D13DD7E38AB}
		{CED759ED-F9E6-4584-AFA7-F2D6A8215FEE} = {524DB08E-72F5-481E-A1BB-65041803E4F1}
		{133A9783-C6D0-4297-B86F-6891CD36EAF0} = {524DB08E-72F5-481E-A1BB-65041803E4F1}
		{A41716A1-C893-4F65-A397-19BF3384CD06} = {9A9532AE-CAF7-4E86-87DC-E26E97774CF8}
		{15459CCA-5FAF-430E-A3CD-A6E786277A49} = {C2F648D6-0E6D-4DAE-9ACD-2A845DAAE64A}
		{4284F365-A042-49D8-BA06-9BB14DF2AC46} = {32F5A452-0EE0-4D86-9937-CF2C1A73B73E}
	EndGlobalSection
	GlobalSection(ExtensibilityGlobals) = postSolution
		SolutionGuid = {27F54895-F6DB-4EBA-AA6A-21D358B79BBC}
	EndGlobalSection
EndGlobal
